
Microsoft Visual Studio Solution File, Format Version 12.00
# Visual Studio Version 17
VisualStudioVersion = 17.7.34031.279
MinimumVisualStudioVersion = 10.0.40219.1
Project("{9A19103F-16F7-4668-BE54-9A1E7A4F7556}") = "ConsoleApp1", "ConsoleApp1.csproj", "{43462B87-84FC-40F9-A146-6D1851B63872}"
EndProject
Project("{9A19103F-16F7-4668-BE54-9A1E7A4F7556}") = "TestBankAccount", "..\TestProject1\TestBankAccount.csproj", "{ED72B156-8F0E-49C8-A29E-299F8B619724}"
EndProject
Global
	GlobalSection(SolutionConfigurationPlatforms) = preSolution
		Debug|Any CPU = Debug|Any CPU
		Release|Any CPU = Release|Any CPU
	EndGlobalSection
	GlobalSection(ProjectConfigurationPlatforms) = postSolution
		{43462B87-84FC-40F9-A146-6D1851B63872}.Debug|Any CPU.ActiveCfg = Debug|Any CPU
		{43462B87-84FC-40F9-A146-6D1851B63872}.Debug|Any CPU.Build.0 = Debug|Any CPU
		{43462B87-84FC-40F9-A146-6D1851B63872}.Release|Any CPU.ActiveCfg = Release|Any CPU
		{43462B87-84FC-40F9-A146-6D1851B63872}.Release|Any CPU.Build.0 = Release|Any CPU
		{ED72B156-8F0E-49C8-A29E-299F8B619724}.Debug|Any CPU.ActiveCfg = Debug|Any CPU
		{ED72B156-8F0E-49C8-A29E-299F8B619724}.Debug|Any CPU.Build.0 = Debug|Any CPU
		{ED72B156-8F0E-49C8-A29E-299F8B619724}.Release|Any CPU.ActiveCfg = Release|Any CPU
		{ED72B156-8F0E-49C8-A29E-299F8B619724}.Release|Any CPU.Build.0 = Release|Any CPU
	EndGlobalSection
	GlobalSection(SolutionProperties) = preSolution
		HideSolutionNode = FALSE
	EndGlobalSection
	GlobalSection(ExtensibilityGlobals) = postSolution
		SolutionGuid = {72E180D1-38ED-496C-9537-29079F56F36B}
	EndGlobalSection
EndGlobal
